// !$*UTF8*$!
{
	archiveVersion = 1;
	classes = {
	};
	objectVersion = 55;
	objects = {

/* Begin PBXBuildFile section */
		235906A82823E35000A9FDEA /* ExcusesAPIApp.swift in Sources */ = {isa = PBXBuildFile; fileRef = 235906A72823E35000A9FDEA /* ExcusesAPIApp.swift */; };
		235906AA2823E35000A9FDEA /* ContentView.swift in Sources */ = {isa = PBXBuildFile; fileRef = 235906A92823E35000A9FDEA /* ContentView.swift */; };
		235906AC2823E35000A9FDEA /* Assets.xcassets in Resources */ = {isa = PBXBuildFile; fileRef = 235906AB2823E35000A9FDEA /* Assets.xcassets */; };
		235906AF2823E35000A9FDEA /* Preview Assets.xcassets in Resources */ = {isa = PBXBuildFile; fileRef = 235906AE2823E35000A9FDEA /* Preview Assets.xcassets */; };
		235906B62823E38600A9FDEA /* ExcuseBar.swift in Sources */ = {isa = PBXBuildFile; fileRef = 235906B52823E38600A9FDEA /* ExcuseBar.swift */; };
		235906BB2823E3B800A9FDEA /* Excuse.swift in Sources */ = {isa = PBXBuildFile; fileRef = 235906BA2823E3B800A9FDEA /* Excuse.swift */; };
		235906BD2823E41C00A9FDEA /* ExcuseViewModel.swift in Sources */ = {isa = PBXBuildFile; fileRef = 235906BC2823E41C00A9FDEA /* ExcuseViewModel.swift */; };
		235906BF2823E84F00A9FDEA /* Main.swift in Sources */ = {isa = PBXBuildFile; fileRef = 235906BE2823E84F00A9FDEA /* Main.swift */; };
		235906C12823E9F600A9FDEA /* Category.swift in Sources */ = {isa = PBXBuildFile; fileRef = 235906C02823E9F600A9FDEA /* Category.swift */; };
		235906C32823EAB900A9FDEA /* CategorySelector.swift in Sources */ = {isa = PBXBuildFile; fileRef = 235906C22823EAB900A9FDEA /* CategorySelector.swift */; };
		235906C52823EC2600A9FDEA /* CategoryButtons.swift in Sources */ = {isa = PBXBuildFile; fileRef = 235906C42823EC2600A9FDEA /* CategoryButtons.swift */; };
		235906C72823F78B00A9FDEA /* AnimationsViewModel.swift in Sources */ = {isa = PBXBuildFile; fileRef = 235906C62823F78B00A9FDEA /* AnimationsViewModel.swift */; };
		235906CE282403CD00A9FDEA /* img1.png in Resources */ = {isa = PBXBuildFile; fileRef = 235906CB282403CD00A9FDEA /* img1.png */; };
		235906CF282403CD00A9FDEA /* img3.png in Resources */ = {isa = PBXBuildFile; fileRef = 235906CC282403CD00A9FDEA /* img3.png */; };
		235906D0282403CD00A9FDEA /* img2.png in Resources */ = {isa = PBXBuildFile; fileRef = 235906CD282403CD00A9FDEA /* img2.png */; };
/* End PBXBuildFile section */

/* Begin PBXFileReference section */
		235906A42823E35000A9FDEA /* ExcusesAPI.app */ = {isa = PBXFileReference; explicitFileType = wrapper.application; includeInIndex = 0; path = ExcusesAPI.app; sourceTree = BUILT_PRODUCTS_DIR; };
		235906A72823E35000A9FDEA /* ExcusesAPIApp.swift */ = {isa = PBXFileReference; lastKnownFileType = sourcecode.swift; path = ExcusesAPIApp.swift; sourceTree = "<group>"; };
		235906A92823E35000A9FDEA /* ContentView.swift */ = {isa = PBXFileReference; lastKnownFileType = sourcecode.swift; path = ContentView.swift; sourceTree = "<group>"; };
		235906AB2823E35000A9FDEA /* Assets.xcassets */ = {isa = PBXFileReference; lastKnownFileType = folder.assetcatalog; path = Assets.xcassets; sourceTree = "<group>"; };
		235906AE2823E35000A9FDEA /* Preview Assets.xcassets */ = {isa = PBXFileReference; lastKnownFileType = folder.assetcatalog; path = "Preview Assets.xcassets"; sourceTree = "<group>"; };
		235906B52823E38600A9FDEA /* ExcuseBar.swift */ = {isa = PBXFileReference; lastKnownFileType = sourcecode.swift; path = ExcuseBar.swift; sourceTree = "<group>"; };
		235906BA2823E3B800A9FDEA /* Excuse.swift */ = {isa = PBXFileReference; lastKnownFileType = sourcecode.swift; path = Excuse.swift; sourceTree = "<group>"; };
		235906BC2823E41C00A9FDEA /* ExcuseViewModel.swift */ = {isa = PBXFileReference; lastKnownFileType = sourcecode.swift; path = ExcuseViewModel.swift; sourceTree = "<group>"; };
		235906BE2823E84F00A9FDEA /* Main.swift */ = {isa = PBXFileReference; lastKnownFileType = sourcecode.swift; path = Main.swift; sourceTree = "<group>"; };
		235906C02823E9F600A9FDEA /* Category.swift */ = {isa = PBXFileReference; lastKnownFileType = sourcecode.swift; path = Category.swift; sourceTree = "<group>"; };
		235906C22823EAB900A9FDEA /* CategorySelector.swift */ = {isa = PBXFileReference; lastKnownFileType = sourcecode.swift; path = CategorySelector.swift; sourceTree = "<group>"; };
		235906C42823EC2600A9FDEA /* CategoryButtons.swift */ = {isa = PBXFileReference; lastKnownFileType = sourcecode.swift; path = CategoryButtons.swift; sourceTree = "<group>"; };
		235906C62823F78B00A9FDEA /* AnimationsViewModel.swift */ = {isa = PBXFileReference; lastKnownFileType = sourcecode.swift; path = AnimationsViewModel.swift; sourceTree = "<group>"; };
		235906CB282403CD00A9FDEA /* img1.png */ = {isa = PBXFileReference; lastKnownFileType = image.png; path = img1.png; sourceTree = "<group>"; };
		235906CC282403CD00A9FDEA /* img3.png */ = {isa = PBXFileReference; lastKnownFileType = image.png; path = img3.png; sourceTree = "<group>"; };
		235906CD282403CD00A9FDEA /* img2.png */ = {isa = PBXFileReference; lastKnownFileType = image.png; path = img2.png; sourceTree = "<group>"; };
		235906D12824040700A9FDEA /* README.md */ = {isa = PBXFileReference; lastKnownFileType = net.daringfireball.markdown; path = README.md; sourceTree = "<group>"; };
/* End PBXFileReference section */

/* Begin PBXFrameworksBuildPhase section */
		235906A12823E35000A9FDEA /* Frameworks */ = {
			isa = PBXFrameworksBuildPhase;
			buildActionMask = 2147483647;
			files = (
			);
			runOnlyForDeploymentPostprocessing = 0;
		};
/* End PBXFrameworksBuildPhase section */

/* Begin PBXGroup section */
		2359069B2823E35000A9FDEA = {
			isa = PBXGroup;
			children = (
				235906A62823E35000A9FDEA /* ExcusesAPI */,
				235906A52823E35000A9FDEA /* Products */,
			);
			sourceTree = "<group>";
		};
		235906A52823E35000A9FDEA /* Products */ = {
			isa = PBXGroup;
			children = (
				235906A42823E35000A9FDEA /* ExcusesAPI.app */,
			);
			name = Products;
			sourceTree = "<group>";
		};
		235906A62823E35000A9FDEA /* ExcusesAPI */ = {
			isa = PBXGroup;
			children = (
				235906B92823E3AD00A9FDEA /* Model */,
				235906B82823E3AA00A9FDEA /* ViewModel */,
				235906B72823E3A700A9FDEA /* View */,
				235906A72823E35000A9FDEA /* ExcusesAPIApp.swift */,
				235906A92823E35000A9FDEA /* ContentView.swift */,
				235906AB2823E35000A9FDEA /* Assets.xcassets */,
				235906C82824038F00A9FDEA /* images */,
				235906AD2823E35000A9FDEA /* Preview Content */,
				235906D12824040700A9FDEA /* README.md */,
			);
			path = ExcusesAPI;
			sourceTree = "<group>";
		};
		235906AD2823E35000A9FDEA /* Preview Content */ = {
			isa = PBXGroup;
			children = (
				235906AE2823E35000A9FDEA /* Preview Assets.xcassets */,
			);
			path = "Preview Content";
			sourceTree = "<group>";
		};
		235906B72823E3A700A9FDEA /* View */ = {
			isa = PBXGroup;
			children = (
				235906B52823E38600A9FDEA /* ExcuseBar.swift */,
				235906BE2823E84F00A9FDEA /* Main.swift */,
				235906C22823EAB900A9FDEA /* CategorySelector.swift */,
				235906C42823EC2600A9FDEA /* CategoryButtons.swift */,
			);
			path = View;
			sourceTree = "<group>";
		};
		235906B82823E3AA00A9FDEA /* ViewModel */ = {
			isa = PBXGroup;
			children = (
				235906BC2823E41C00A9FDEA /* ExcuseViewModel.swift */,
				235906C62823F78B00A9FDEA /* AnimationsViewModel.swift */,
			);
			path = ViewModel;
			sourceTree = "<group>";
		};
		235906B92823E3AD00A9FDEA /* Model */ = {
			isa = PBXGroup;
			children = (
				235906BA2823E3B800A9FDEA /* Excuse.swift */,
				235906C02823E9F600A9FDEA /* Category.swift */,
			);
			path = Model;
			sourceTree = "<group>";
		};
		235906C82824038F00A9FDEA /* images */ = {
			isa = PBXGroup;
			children = (
				235906CB282403CD00A9FDEA /* img1.png */,
				235906CD282403CD00A9FDEA /* img2.png */,
				235906CC282403CD00A9FDEA /* img3.png */,
			);
			path = images;
			sourceTree = "<group>";
		};
/* End PBXGroup section */

/* Begin PBXNativeTarget section */
		235906A32823E35000A9FDEA /* ExcusesAPI */ = {
			isa = PBXNativeTarget;
			buildConfigurationList = 235906B22823E35000A9FDEA /* Build configuration list for PBXNativeTarget "ExcusesAPI" */;
			buildPhases = (
				235906A02823E35000A9FDEA /* Sources */,
				235906A12823E35000A9FDEA /* Frameworks */,
				235906A22823E35000A9FDEA /* Resources */,
			);
			buildRules = (
			);
			dependencies = (
			);
			name = ExcusesAPI;
			productName = ExcusesAPI;
			productReference = 235906A42823E35000A9FDEA /* ExcusesAPI.app */;
			productType = "com.apple.product-type.application";
		};
/* End PBXNativeTarget section */

/* Begin PBXProject section */
		2359069C2823E35000A9FDEA /* Project object */ = {
			isa = PBXProject;
			attributes = {
				BuildIndependentTargetsInParallel = 1;
				LastSwiftUpdateCheck = 1330;
				LastUpgradeCheck = 1330;
				TargetAttributes = {
					235906A32823E35000A9FDEA = {
						CreatedOnToolsVersion = 13.3.1;
					};
				};
			};
			buildConfigurationList = 2359069F2823E35000A9FDEA /* Build configuration list for PBXProject "ExcusesAPI" */;
			compatibilityVersion = "Xcode 13.0";
			developmentRegion = en;
			hasScannedForEncodings = 0;
			knownRegions = (
				en,
				Base,
			);
			mainGroup = 2359069B2823E35000A9FDEA;
			productRefGroup = 235906A52823E35000A9FDEA /* Products */;
			projectDirPath = "";
			projectRoot = "";
			targets = (
				235906A32823E35000A9FDEA /* ExcusesAPI */,
			);
		};
/* End PBXProject section */

/* Begin PBXResourcesBuildPhase section */
		235906A22823E35000A9FDEA /* Resources */ = {
			isa = PBXResourcesBuildPhase;
			buildActionMask = 2147483647;
			files = (
				235906AF2823E35000A9FDEA /* Preview Assets.xcassets in Resources */,
				235906D0282403CD00A9FDEA /* img2.png in Resources */,
				235906AC2823E35000A9FDEA /* Assets.xcassets in Resources */,
				235906CE282403CD00A9FDEA /* img1.png in Resources */,
				235906CF282403CD00A9FDEA /* img3.png in Resources */,
			);
			runOnlyForDeploymentPostprocessing = 0;
		};
/* End PBXResourcesBuildPhase section */

/* Begin PBXSourcesBuildPhase section */
		235906A02823E35000A9FDEA /* Sources */ = {
			isa = PBXSourcesBuildPhase;
			buildActionMask = 2147483647;
			files = (
				235906C32823EAB900A9FDEA /* CategorySelector.swift in Sources */,
				235906C52823EC2600A9FDEA /* CategoryButtons.swift in Sources */,
				235906BF2823E84F00A9FDEA /* Main.swift in Sources */,
				235906BB2823E3B800A9FDEA /* Excuse.swift in Sources */,
				235906AA2823E35000A9FDEA /* ContentView.swift in Sources */,
				235906C72823F78B00A9FDEA /* AnimationsViewModel.swift in Sources */,
				235906BD2823E41C00A9FDEA /* ExcuseViewModel.swift in Sources */,
				235906B62823E38600A9FDEA /* ExcuseBar.swift in Sources */,
				235906A82823E35000A9FDEA /* ExcusesAPIApp.swift in Sources */,
				235906C12823E9F600A9FDEA /* Category.swift in Sources */,
			);
			runOnlyForDeploymentPostprocessing = 0;
		};
/* End PBXSourcesBuildPhase section */

/* Begin XCBuildConfiguration section */
		235906B02823E35000A9FDEA /* Debug */ = {
			isa = XCBuildConfiguration;
			buildSettings = {
				ALWAYS_SEARCH_USER_PATHS = NO;
				CLANG_ANALYZER_NONNULL = YES;
				CLANG_ANALYZER_NUMBER_OBJECT_CONVERSION = YES_AGGRESSIVE;
				CLANG_CXX_LANGUAGE_STANDARD = "gnu++17";
				CLANG_ENABLE_MODULES = YES;
				CLANG_ENABLE_OBJC_ARC = YES;
				CLANG_ENABLE_OBJC_WEAK = YES;
				CLANG_WARN_BLOCK_CAPTURE_AUTORELEASING = YES;
				CLANG_WARN_BOOL_CONVERSION = YES;
				CLANG_WARN_COMMA = YES;
				CLANG_WARN_CONSTANT_CONVERSION = YES;
				CLANG_WARN_DEPRECATED_OBJC_IMPLEMENTATIONS = YES;
				CLANG_WARN_DIRECT_OBJC_ISA_USAGE = YES_ERROR;
				CLANG_WARN_DOCUMENTATION_COMMENTS = YES;
				CLANG_WARN_EMPTY_BODY = YES;
				CLANG_WARN_ENUM_CONVERSION = YES;
				CLANG_WARN_INFINITE_RECURSION = YES;
				CLANG_WARN_INT_CONVERSION = YES;
				CLANG_WARN_NON_LITERAL_NULL_CONVERSION = YES;
				CLANG_WARN_OBJC_IMPLICIT_RETAIN_SELF = YES;
				CLANG_WARN_OBJC_LITERAL_CONVERSION = YES;
				CLANG_WARN_OBJC_ROOT_CLASS = YES_ERROR;
				CLANG_WARN_QUOTED_INCLUDE_IN_FRAMEWORK_HEADER = YES;
				CLANG_WARN_RANGE_LOOP_ANALYSIS = YES;
				CLANG_WARN_STRICT_PROTOTYPES = YES;
				CLANG_WARN_SUSPICIOUS_MOVE = YES;
				CLANG_WARN_UNGUARDED_AVAILABILITY = YES_AGGRESSIVE;
				CLANG_WARN_UNREACHABLE_CODE = YES;
				CLANG_WARN__DUPLICATE_METHOD_MATCH = YES;
				COPY_PHASE_STRIP = NO;
				DEBUG_INFORMATION_FORMAT = dwarf;
				ENABLE_STRICT_OBJC_MSGSEND = YES;
				ENABLE_TESTABILITY = YES;
				GCC_C_LANGUAGE_STANDARD = gnu11;
				GCC_DYNAMIC_NO_PIC = NO;
				GCC_NO_COMMON_BLOCKS = YES;
				GCC_OPTIMIZATION_LEVEL = 0;
				GCC_PREPROCESSOR_DEFINITIONS = (
					"DEBUG=1",
					"$(inherited)",
				);
				GCC_WARN_64_TO_32_BIT_CONVERSION = YES;
				GCC_WARN_ABOUT_RETURN_TYPE = YES_ERROR;
				GCC_WARN_UNDECLARED_SELECTOR = YES;
				GCC_WARN_UNINITIALIZED_AUTOS = YES_AGGRESSIVE;
				GCC_WARN_UNUSED_FUNCTION = YES;
				GCC_WARN_UNUSED_VARIABLE = YES;
				IPHONEOS_DEPLOYMENT_TARGET = 15.4;
				MTL_ENABLE_DEBUG_INFO = INCLUDE_SOURCE;
				MTL_FAST_MATH = YES;
				ONLY_ACTIVE_ARCH = YES;
				SDKROOT = iphoneos;
				SWIFT_ACTIVE_COMPILATION_CONDITIONS = DEBUG;
				SWIFT_OPTIMIZATION_LEVEL = "-Onone";
			};
			name = Debug;
		};
		235906B12823E35000A9FDEA /* Release */ = {
			isa = XCBuildConfiguration;
			buildSettings = {
				ALWAYS_SEARCH_USER_PATHS = NO;
				CLANG_ANALYZER_NONNULL = YES;
				CLANG_ANALYZER_NUMBER_OBJECT_CONVERSION = YES_AGGRESSIVE;
				CLANG_CXX_LANGUAGE_STANDARD = "gnu++17";
				CLANG_ENABLE_MODULES = YES;
				CLANG_ENABLE_OBJC_ARC = YES;
				CLANG_ENABLE_OBJC_WEAK = YES;
				CLANG_WARN_BLOCK_CAPTURE_AUTORELEASING = YES;
				CLANG_WARN_BOOL_CONVERSION = YES;
				CLANG_WARN_COMMA = YES;
				CLANG_WARN_CONSTANT_CONVERSION = YES;
				CLANG_WARN_DEPRECATED_OBJC_IMPLEMENTATIONS = YES;
				CLANG_WARN_DIRECT_OBJC_ISA_USAGE = YES_ERROR;
				CLANG_WARN_DOCUMENTATION_COMMENTS = YES;
				CLANG_WARN_EMPTY_BODY = YES;
				CLANG_WARN_ENUM_CONVERSION = YES;
				CLANG_WARN_INFINITE_RECURSION = YES;
				CLANG_WARN_INT_CONVERSION = YES;
				CLANG_WARN_NON_LITERAL_NULL_CONVERSION = YES;
				CLANG_WARN_OBJC_IMPLICIT_RETAIN_SELF = YES;
				CLANG_WARN_OBJC_LITERAL_CONVERSION = YES;
				CLANG_WARN_OBJC_ROOT_CLASS = YES_ERROR;
				CLANG_WARN_QUOTED_INCLUDE_IN_FRAMEWORK_HEADER = YES;
				CLANG_WARN_RANGE_LOOP_ANALYSIS = YES;
				CLANG_WARN_STRICT_PROTOTYPES = YES;
				CLANG_WARN_SUSPICIOUS_MOVE = YES;
				CLANG_WARN_UNGUARDED_AVAILABILITY = YES_AGGRESSIVE;
				CLANG_WARN_UNREACHABLE_CODE = YES;
				CLANG_WARN__DUPLICATE_METHOD_MATCH = YES;
				COPY_PHASE_STRIP = NO;
				DEBUG_INFORMATION_FORMAT = "dwarf-with-dsym";
				ENABLE_NS_ASSERTIONS = NO;
				ENABLE_STRICT_OBJC_MSGSEND = YES;
				GCC_C_LANGUAGE_STANDARD = gnu11;
				GCC_NO_COMMON_BLOCKS = YES;
				GCC_WARN_64_TO_32_BIT_CONVERSION = YES;
				GCC_WARN_ABOUT_RETURN_TYPE = YES_ERROR;
				GCC_WARN_UNDECLARED_SELECTOR = YES;
				GCC_WARN_UNINITIALIZED_AUTOS = YES_AGGRESSIVE;
				GCC_WARN_UNUSED_FUNCTION = YES;
				GCC_WARN_UNUSED_VARIABLE = YES;
				IPHONEOS_DEPLOYMENT_TARGET = 15.4;
				MTL_ENABLE_DEBUG_INFO = NO;
				MTL_FAST_MATH = YES;
				SDKROOT = iphoneos;
				SWIFT_COMPILATION_MODE = wholemodule;
				SWIFT_OPTIMIZATION_LEVEL = "-O";
				VALIDATE_PRODUCT = YES;
			};
			name = Release;
		};
		235906B32823E35000A9FDEA /* Debug */ = {
			isa = XCBuildConfiguration;
			buildSettings = {
				ASSETCATALOG_COMPILER_APPICON_NAME = AppIcon;
				ASSETCATALOG_COMPILER_GLOBAL_ACCENT_COLOR_NAME = AccentColor;
				CODE_SIGN_STYLE = Automatic;
				CURRENT_PROJECT_VERSION = 1;
				DEVELOPMENT_ASSET_PATHS = "\"ExcusesAPI/Preview Content\"";
				DEVELOPMENT_TEAM = 62693BZN4B;
				ENABLE_PREVIEWS = YES;
				GENERATE_INFOPLIST_FILE = YES;
				INFOPLIST_KEY_UIApplicationSceneManifest_Generation = YES;
				INFOPLIST_KEY_UIApplicationSupportsIndirectInputEvents = YES;
				INFOPLIST_KEY_UILaunchScreen_Generation = YES;
				INFOPLIST_KEY_UISupportedInterfaceOrientations_iPad = "UIInterfaceOrientationPortrait UIInterfaceOrientationPortraitUpsideDown UIInterfaceOrientationLandscapeLeft UIInterfaceOrientationLandscapeRight";
				INFOPLIST_KEY_UISupportedInterfaceOrientations_iPhone = "UIInterfaceOrientationPortrait UIInterfaceOrientationLandscapeLeft UIInterfaceOrientationLandscapeRight";
				LD_RUNPATH_SEARCH_PATHS = (
					"$(inherited)",
					"@executable_path/Frameworks",
				);
				MARKETING_VERSION = 1.0;
				PRODUCT_BUNDLE_IDENTIFIER = berkaydisli.ExcusesAPI;
				PRODUCT_NAME = "$(TARGET_NAME)";
				SWIFT_EMIT_LOC_STRINGS = YES;
				SWIFT_VERSION = 5.0;
				TARGETED_DEVICE_FAMILY = "1,2";
			};
			name = Debug;
		};
		235906B42823E35000A9FDEA /* Release */ = {
			isa = XCBuildConfiguration;
			buildSettings = {
				ASSETCATALOG_COMPILER_APPICON_NAME = AppIcon;
				ASSETCATALOG_COMPILER_GLOBAL_ACCENT_COLOR_NAME = AccentColor;
				CODE_SIGN_STYLE = Automatic;
				CURRENT_PROJECT_VERSION = 1;
				DEVELOPMENT_ASSET_PATHS = "\"ExcusesAPI/Preview Content\"";
				DEVELOPMENT_TEAM = 62693BZN4B;
				ENABLE_PREVIEWS = YES;
				GENERATE_INFOPLIST_FILE = YES;
				INFOPLIST_KEY_UIApplicationSceneManifest_Generation = YES;
				INFOPLIST_KEY_UIApplicationSupportsIndirectInputEvents = YES;
				INFOPLIST_KEY_UILaunchScreen_Generation = YES;
				INFOPLIST_KEY_UISupportedInterfaceOrientations_iPad = "UIInterfaceOrientationPortrait UIInterfaceOrientationPortraitUpsideDown UIInterfaceOrientationLandscapeLeft UIInterfaceOrientationLandscapeRight";
				INFOPLIST_KEY_UISupportedInterfaceOrientations_iPhone = "UIInterfaceOrientationPortrait UIInterfaceOrientationLandscapeLeft UIInterfaceOrientationLandscapeRight";
				LD_RUNPATH_SEARCH_PATHS = (
					"$(inherited)",
					"@executable_path/Frameworks",
				);
				MARKETING_VERSION = 1.0;
				PRODUCT_BUNDLE_IDENTIFIER = berkaydisli.ExcusesAPI;
				PRODUCT_NAME = "$(TARGET_NAME)";
				SWIFT_EMIT_LOC_STRINGS = YES;
				SWIFT_VERSION = 5.0;
				TARGETED_DEVICE_FAMILY = "1,2";
			};
			name = Release;
		};
/* End XCBuildConfiguration section */

/* Begin XCConfigurationList section */
		2359069F2823E35000A9FDEA /* Build configuration list for PBXProject "ExcusesAPI" */ = {
			isa = XCConfigurationList;
			buildConfigurations = (
				235906B02823E35000A9FDEA /* Debug */,
				235906B12823E35000A9FDEA /* Release */,
			);
			defaultConfigurationIsVisible = 0;
			defaultConfigurationName = Release;
		};
		235906B22823E35000A9FDEA /* Build configuration list for PBXNativeTarget "ExcusesAPI" */ = {
			isa = XCConfigurationList;
			buildConfigurations = (
				235906B32823E35000A9FDEA /* Debug */,
				235906B42823E35000A9FDEA /* Release */,
			);
			defaultConfigurationIsVisible = 0;
			defaultConfigurationName = Release;
		};
/* End XCConfigurationList section */
	};
	rootObject = 2359069C2823E35000A9FDEA /* Project object */;
}
